
Microsoft Visual Studio Solution File, Format Version 12.00
# Visual Studio Version 16
VisualStudioVersion = 16.0.30621.155
MinimumVisualStudioVersion = 10.0.40219.1
Project("{FAE04EC0-301F-11D3-BF4B-00C04F79EFBC}") = "ToolBoxDemo", "ToolBoxDemo\ToolBoxDemo.csproj", "{BAB84C2A-3472-410C-8DD6-53F3FF0FF4BE}"
EndProject
Project("{FAE04EC0-301F-11D3-BF4B-00C04F79EFBC}") = "PracticeTestMethods", "PracticeTestMethods\PracticeTestMethods.csproj", "{963CA54E-DD51-4714-99BA-B35786F41339}"
EndProject
Global
	GlobalSection(SolutionConfigurationPlatforms) = preSolution
		Debug|Any CPU = Debug|Any CPU
		Release|Any CPU = Release|Any CPU
	EndGlobalSection
	GlobalSection(ProjectConfigurationPlatforms) = postSolution
		{BAB84C2A-3472-410C-8DD6-53F3FF0FF4BE}.Debug|Any CPU.ActiveCfg = Debug|Any CPU
		{BAB84C2A-3472-410C-8DD6-53F3FF0FF4BE}.Debug|Any CPU.Build.0 = Debug|Any CPU
		{BAB84C2A-3472-410C-8DD6-53F3FF0FF4BE}.Release|Any CPU.ActiveCfg = Release|Any CPU
		{BAB84C2A-3472-410C-8DD6-53F3FF0FF4BE}.Release|Any CPU.Build.0 = Release|Any CPU
		{963CA54E-DD51-4714-99BA-B35786F41339}.Debug|Any CPU.ActiveCfg = Debug|Any CPU
		{963CA54E-DD51-4714-99BA-B35786F41339}.Debug|Any CPU.Build.0 = Debug|Any CPU
		{963CA54E-DD51-4714-99BA-B35786F41339}.Release|Any CPU.ActiveCfg = Release|Any CPU
		{963CA54E-DD51-4714-99BA-B35786F41339}.Release|Any CPU.Build.0 = Release|Any CPU
	EndGlobalSection
	GlobalSection(SolutionProperties) = preSolution
		HideSolutionNode = FALSE
	EndGlobalSection
	GlobalSection(ExtensibilityGlobals) = postSolution
		SolutionGuid = {2FD026C9-7B6E-4031-BDCA-4326FAC517B4}
	EndGlobalSection
EndGlobal
